
Microsoft Visual Studio Solution File, Format Version 12.00
# Visual Studio 2012
Project("{FAE04EC0-301F-11D3-BF4B-00C04F79EFBC}") = "jaydata_next", "jaydata_next.csproj", "{CF48E45C-EAF0-4E98-B5D8-AEE032F58E05}"
EndProject
Global
	GlobalSection(SolutionConfigurationPlatforms) = preSolution
		Debug|Any CPU = Debug|Any CPU
		Release|Any CPU = Release|Any CPU
	EndGlobalSection
	GlobalSection(ProjectConfigurationPlatforms) = postSolution
		{CF48E45C-EAF0-4E98-B5D8-AEE032F58E05}.Debug|Any CPU.ActiveCfg = Debug|Any CPU
		{CF48E45C-EAF0-4E98-B5D8-AEE032F58E05}.Debug|Any CPU.Build.0 = Debug|Any CPU
		{CF48E45C-EAF0-4E98-B5D8-AEE032F58E05}.Release|Any CPU.ActiveCfg = Release|Any CPU
		{CF48E45C-EAF0-4E98-B5D8-AEE032F58E05}.Release|Any CPU.Build.0 = Release|Any CPU
	EndGlobalSection
	GlobalSection(SolutionProperties) = preSolution
		HideSolutionNode = FALSE
	EndGlobalSection
EndGlobal
